{
  "nodes": {
    "nix-lefthook-deadnix": {
      "inputs": {
        "nix-lefthook-nixfmt": "nix-lefthook-nixfmt",
        "nix-lefthook-shellcheck": "nix-lefthook-shellcheck_3",
        "nix-lefthook-shfmt": "nix-lefthook-shfmt_2",
        "nixpkgs": [
          "nixpkgs"
        ]
      },
      "locked": {
        "lastModified": 1776487642,
        "narHash": "sha256-LM+fdDcBhJzy6UpTTu/qLdh7cIKfJfkzOSNG0XS5M9Y=",
        "ref": "refs/heads/main",
        "rev": "7c9c4dd64649491913a65f372ba45fab8abfdf51",
        "revCount": 27,
        "type": "git",
        "url": "file:///Users/pr0d1r2/projects/nix-lefthook-deadnix"
      },
      "original": {
        "type": "git",
        "url": "file:///Users/pr0d1r2/projects/nix-lefthook-deadnix"
      }
    },
    "nix-lefthook-nix-no-embedded-shell": {
      "inputs": {
        "nix-lefthook-nixfmt": "nix-lefthook-nixfmt_2",
        "nix-lefthook-shellcheck": "nix-lefthook-shellcheck_7",
        "nix-lefthook-shfmt": "nix-lefthook-shfmt_4",
        "nixpkgs": [
          "nixpkgs"
        ]
      },
      "locked": {
        "lastModified": 1776487648,
        "narHash": "sha256-eOl/D9XLUguiqb4rdAwigRl5K+hFJh5FiJZjmr1jTOs=",
        "ref": "refs/heads/main",
        "rev": "b05f4f4b8c14b96a1dc3006df29ee5d2575aff56",
        "revCount": 28,
        "type": "git",
        "url": "file:///Users/pr0d1r2/projects/nix-lefthook-nix-no-embedded-shell"
      },
      "original": {
        "type": "git",
        "url": "file:///Users/pr0d1r2/projects/nix-lefthook-nix-no-embedded-shell"
      }
    },
    "nix-lefthook-nixfmt": {
      "inputs": {
        "nix-lefthook-shellcheck": "nix-lefthook-shellcheck",
        "nix-lefthook-shfmt": "nix-lefthook-shfmt",
        "nixpkgs": [
          "nix-lefthook-deadnix",
          "nixpkgs"
        ]
      },
      "locked": {
        "lastModified": 1776487649,
        "narHash": "sha256-uKcBF1S/aTVCFINySOtt6L5iPJ468UF1Kwb2qUfMulw=",
        "ref": "refs/heads/main",
        "rev": "1b15464ac8054c233dcdc7565910bcff0165020a",
        "revCount": 30,
        "type": "git",
        "url": "file:///Users/pr0d1r2/projects/nix-lefthook-nixfmt"
      },
      "original": {
        "type": "git",
        "url": "file:///Users/pr0d1r2/projects/nix-lefthook-nixfmt"
      }
    },
    "nix-lefthook-nixfmt_2": {
      "inputs": {
        "nix-lefthook-shellcheck": "nix-lefthook-shellcheck_5",
        "nix-lefthook-shfmt": "nix-lefthook-shfmt_3",
        "nixpkgs": [
          "nix-lefthook-nix-no-embedded-shell",
          "nixpkgs"
        ]
      },
      "locked": {
        "lastModified": 1776487649,
        "narHash": "sha256-uKcBF1S/aTVCFINySOtt6L5iPJ468UF1Kwb2qUfMulw=",
        "ref": "refs/heads/main",
        "rev": "1b15464ac8054c233dcdc7565910bcff0165020a",
        "revCount": 30,
        "type": "git",
        "url": "file:///Users/pr0d1r2/projects/nix-lefthook-nixfmt"
      },
      "original": {
        "type": "git",
        "url": "file:///Users/pr0d1r2/projects/nix-lefthook-nixfmt"
      }
    },
    "nix-lefthook-nixfmt_3": {
      "inputs": {
        "nix-lefthook-shellcheck": "nix-lefthook-shellcheck_9",
        "nix-lefthook-shfmt": "nix-lefthook-shfmt_5",
        "nixpkgs": [
          "nixpkgs"
        ]
      },
      "locked": {
        "lastModified": 1776406522,
        "narHash": "sha256-FFQr8RJjivd7/UQBlukWyxFVPSeVtiBb8XAJp2ZrWUU=",
        "ref": "refs/heads/main",
        "rev": "ef291982135aadebad76232f23795396420ce456",
        "revCount": 6,
        "type": "git",
        "url": "file:///Users/pr0d1r2/projects/nix-lefthook-nixfmt"
      },
      "original": {
        "type": "git",
        "url": "file:///Users/pr0d1r2/projects/nix-lefthook-nixfmt"
      }
    },
    "nix-lefthook-nixfmt_4": {
      "inputs": {
        "nix-lefthook-shellcheck": "nix-lefthook-shellcheck_13",
        "nix-lefthook-shfmt": "nix-lefthook-shfmt_7",
        "nixpkgs": [
          "nix-lefthook-statix",
          "nixpkgs"
        ]
      },
      "locked": {
        "lastModified": 1776486378,
        "narHash": "sha256-Ab8A+jXemIFlxbhlji92jeRUZpQORHGDtLva9Os7ya8=",
        "ref": "refs/heads/main",
        "rev": "1dec1ad5e2eb89f8780ba85c8873fbaf7befcc7e",
        "revCount": 27,
        "type": "git",
        "url": "file:///Users/pr0d1r2/projects/nix-lefthook-nixfmt"
      },
      "original": {
        "type": "git",
        "url": "file:///Users/pr0d1r2/projects/nix-lefthook-nixfmt"
      }
    },
    "nix-lefthook-shellcheck": {
      "inputs": {
        "nixpkgs": [
          "nix-lefthook-deadnix",
          "nix-lefthook-nixfmt",
          "nixpkgs"
        ]
      },
      "locked": {
        "lastModified": 1776404764,
        "narHash": "sha256-nJ65xRA1gemiz75MD0FfPrxFJHOQQUxygkrZat7q5Sg=",
        "ref": "refs/heads/main",
        "rev": "79ee6091484515f58385af056811728cf4d0b8e7",
        "revCount": 2,
        "type": "git",
        "url": "file:///Users/pr0d1r2/projects/nix-lefthook-shellcheck"
      },
      "original": {
        "type": "git",
        "url": "file:///Users/pr0d1r2/projects/nix-lefthook-shellcheck"
      }
    },
    "nix-lefthook-shellcheck_10": {
      "inputs": {
        "nixpkgs": [
          "nix-lefthook-nixfmt",
          "nix-lefthook-shfmt",
          "nixpkgs"
        ]
      },
      "locked": {
        "lastModified": 1776405014,
        "narHash": "sha256-QodC2Hh5ilUT6JzTCyYobTBNZ+zslRARRl9mzh0VZOM=",
        "ref": "refs/heads/main",
        "rev": "14bd30d66420e717c28f0849231269d184464f4c",
        "revCount": 3,
        "type": "git",
        "url": "file:///Users/pr0d1r2/projects/nix-lefthook-shellcheck"
      },
      "original": {
        "type": "git",
        "url": "file:///Users/pr0d1r2/projects/nix-lefthook-shellcheck"
      }
    },
    "nix-lefthook-shellcheck_11": {
      "inputs": {
        "nixpkgs": [
          "nixpkgs"
        ]
      },
      "locked": {
        "lastModified": 1776405014,
        "narHash": "sha256-QodC2Hh5ilUT6JzTCyYobTBNZ+zslRARRl9mzh0VZOM=",
        "ref": "refs/heads/main",
        "rev": "14bd30d66420e717c28f0849231269d184464f4c",
        "revCount": 3,
        "type": "git",
        "url": "file:///Users/pr0d1r2/projects/nix-lefthook-shellcheck"
      },
      "original": {
        "type": "git",
        "url": "file:///Users/pr0d1r2/projects/nix-lefthook-shellcheck"
      }
    },
    "nix-lefthook-shellcheck_12": {
      "inputs": {
        "nixpkgs": [
          "nix-lefthook-shfmt",
          "nixpkgs"
        ]
      },
      "locked": {
        "lastModified": 1776405014,
        "narHash": "sha256-QodC2Hh5ilUT6JzTCyYobTBNZ+zslRARRl9mzh0VZOM=",
        "ref": "refs/heads/main",
        "rev": "14bd30d66420e717c28f0849231269d184464f4c",
        "revCount": 3,
        "type": "git",
        "url": "file:///Users/pr0d1r2/projects/nix-lefthook-shellcheck"
      },
      "original": {
        "type": "git",
        "url": "file:///Users/pr0d1r2/projects/nix-lefthook-shellcheck"
      }
    },
    "nix-lefthook-shellcheck_13": {
      "inputs": {
        "nixpkgs": [
          "nix-lefthook-statix",
          "nix-lefthook-nixfmt",
          "nixpkgs"
        ]
      },
      "locked": {
        "lastModified": 1776404764,
        "narHash": "sha256-nJ65xRA1gemiz75MD0FfPrxFJHOQQUxygkrZat7q5Sg=",
        "ref": "refs/heads/main",
        "rev": "79ee6091484515f58385af056811728cf4d0b8e7",
        "revCount": 2,
        "type": "git",
        "url": "file:///Users/pr0d1r2/projects/nix-lefthook-shellcheck"
      },
      "original": {
        "type": "git",
        "url": "file:///Users/pr0d1r2/projects/nix-lefthook-shellcheck"
      }
    },
    "nix-lefthook-shellcheck_14": {
      "inputs": {
        "nixpkgs": [
          "nix-lefthook-statix",
          "nix-lefthook-nixfmt",
          "nix-lefthook-shfmt",
          "nixpkgs"
        ]
      },
      "locked": {
        "lastModified": 1776405014,
        "narHash": "sha256-QodC2Hh5ilUT6JzTCyYobTBNZ+zslRARRl9mzh0VZOM=",
        "ref": "refs/heads/main",
        "rev": "14bd30d66420e717c28f0849231269d184464f4c",
        "revCount": 3,
        "type": "git",
        "url": "file:///Users/pr0d1r2/projects/nix-lefthook-shellcheck"
      },
      "original": {
        "type": "git",
        "url": "file:///Users/pr0d1r2/projects/nix-lefthook-shellcheck"
      }
    },
    "nix-lefthook-shellcheck_15": {
      "inputs": {
        "nixpkgs": [
          "nix-lefthook-statix",
          "nixpkgs"
        ]
      },
      "locked": {
        "lastModified": 1776486380,
        "narHash": "sha256-LW9ujoafrfy95ZPFR7n+NIiftLkFszmXfKIAkAU5a98=",
        "ref": "refs/heads/main",
        "rev": "d9571cee5f51d5f9c484c51ba848bade8a0f7b8b",
        "revCount": 28,
        "type": "git",
        "url": "file:///Users/pr0d1r2/projects/nix-lefthook-shellcheck"
      },
      "original": {
        "type": "git",
        "url": "file:///Users/pr0d1r2/projects/nix-lefthook-shellcheck"
      }
    },
    "nix-lefthook-shellcheck_16": {
      "inputs": {
        "nixpkgs": [
          "nix-lefthook-statix",
          "nix-lefthook-shfmt",
          "nixpkgs"
        ]
      },
      "locked": {
        "lastModified": 1776405014,
        "narHash": "sha256-QodC2Hh5ilUT6JzTCyYobTBNZ+zslRARRl9mzh0VZOM=",
        "ref": "refs/heads/main",
        "rev": "14bd30d66420e717c28f0849231269d184464f4c",
        "revCount": 3,
        "type": "git",
        "url": "file:///Users/pr0d1r2/projects/nix-lefthook-shellcheck"
      },
      "original": {
        "type": "git",
        "url": "file:///Users/pr0d1r2/projects/nix-lefthook-shellcheck"
      }
    },
    "nix-lefthook-shellcheck_2": {
      "inputs": {
        "nixpkgs": [
          "nix-lefthook-deadnix",
          "nix-lefthook-nixfmt",
          "nix-lefthook-shfmt",
          "nixpkgs"
        ]
      },
      "locked": {
        "lastModified": 1776405014,
        "narHash": "sha256-QodC2Hh5ilUT6JzTCyYobTBNZ+zslRARRl9mzh0VZOM=",
        "ref": "refs/heads/main",
        "rev": "14bd30d66420e717c28f0849231269d184464f4c",
        "revCount": 3,
        "type": "git",
        "url": "file:///Users/pr0d1r2/projects/nix-lefthook-shellcheck"
      },
      "original": {
        "type": "git",
        "url": "file:///Users/pr0d1r2/projects/nix-lefthook-shellcheck"
      }
    },
    "nix-lefthook-shellcheck_3": {
      "inputs": {
        "nixpkgs": [
          "nix-lefthook-deadnix",
          "nixpkgs"
        ]
      },
      "locked": {
        "lastModified": 1776487651,
        "narHash": "sha256-Fji3j1XK7kof+U/hmcs+r7sh5PDz+p9BIfbVO3pSihE=",
        "ref": "refs/heads/main",
        "rev": "d760412b0b8d2984bcc0835f0841ba787546b0eb",
        "revCount": 31,
        "type": "git",
        "url": "file:///Users/pr0d1r2/projects/nix-lefthook-shellcheck"
      },
      "original": {
        "type": "git",
        "url": "file:///Users/pr0d1r2/projects/nix-lefthook-shellcheck"
      }
    },
    "nix-lefthook-shellcheck_4": {
      "inputs": {
        "nixpkgs": [
          "nix-lefthook-deadnix",
          "nix-lefthook-shfmt",
          "nixpkgs"
        ]
      },
      "locked": {
        "lastModified": 1776405014,
        "narHash": "sha256-QodC2Hh5ilUT6JzTCyYobTBNZ+zslRARRl9mzh0VZOM=",
        "ref": "refs/heads/main",
        "rev": "14bd30d66420e717c28f0849231269d184464f4c",
        "revCount": 3,
        "type": "git",
        "url": "file:///Users/pr0d1r2/projects/nix-lefthook-shellcheck"
      },
      "original": {
        "type": "git",
        "url": "file:///Users/pr0d1r2/projects/nix-lefthook-shellcheck"
      }
    },
    "nix-lefthook-shellcheck_5": {
      "inputs": {
        "nixpkgs": [
          "nix-lefthook-nix-no-embedded-shell",
          "nix-lefthook-nixfmt",
          "nixpkgs"
        ]
      },
      "locked": {
        "lastModified": 1776404764,
        "narHash": "sha256-nJ65xRA1gemiz75MD0FfPrxFJHOQQUxygkrZat7q5Sg=",
        "ref": "refs/heads/main",
        "rev": "79ee6091484515f58385af056811728cf4d0b8e7",
        "revCount": 2,
        "type": "git",
        "url": "file:///Users/pr0d1r2/projects/nix-lefthook-shellcheck"
      },
      "original": {
        "type": "git",
        "url": "file:///Users/pr0d1r2/projects/nix-lefthook-shellcheck"
      }
    },
    "nix-lefthook-shellcheck_6": {
      "inputs": {
        "nixpkgs": [
          "nix-lefthook-nix-no-embedded-shell",
          "nix-lefthook-nixfmt",
          "nix-lefthook-shfmt",
          "nixpkgs"
        ]
      },
      "locked": {
        "lastModified": 1776405014,
        "narHash": "sha256-QodC2Hh5ilUT6JzTCyYobTBNZ+zslRARRl9mzh0VZOM=",
        "ref": "refs/heads/main",
        "rev": "14bd30d66420e717c28f0849231269d184464f4c",
        "revCount": 3,
        "type": "git",
        "url": "file:///Users/pr0d1r2/projects/nix-lefthook-shellcheck"
      },
      "original": {
        "type": "git",
        "url": "file:///Users/pr0d1r2/projects/nix-lefthook-shellcheck"
      }
    },
    "nix-lefthook-shellcheck_7": {
      "inputs": {
        "nixpkgs": [
          "nix-lefthook-nix-no-embedded-shell",
          "nixpkgs"
        ]
      },
      "locked": {
        "lastModified": 1776487651,
        "narHash": "sha256-Fji3j1XK7kof+U/hmcs+r7sh5PDz+p9BIfbVO3pSihE=",
        "ref": "refs/heads/main",
        "rev": "d760412b0b8d2984bcc0835f0841ba787546b0eb",
        "revCount": 31,
        "type": "git",
        "url": "file:///Users/pr0d1r2/projects/nix-lefthook-shellcheck"
      },
      "original": {
        "type": "git",
        "url": "file:///Users/pr0d1r2/projects/nix-lefthook-shellcheck"
      }
    },
    "nix-lefthook-shellcheck_8": {
      "inputs": {
        "nixpkgs": [
          "nix-lefthook-nix-no-embedded-shell",
          "nix-lefthook-shfmt",
          "nixpkgs"
        ]
      },
      "locked": {
        "lastModified": 1776405014,
        "narHash": "sha256-QodC2Hh5ilUT6JzTCyYobTBNZ+zslRARRl9mzh0VZOM=",
        "ref": "refs/heads/main",
        "rev": "14bd30d66420e717c28f0849231269d184464f4c",
        "revCount": 3,
        "type": "git",
        "url": "file:///Users/pr0d1r2/projects/nix-lefthook-shellcheck"
      },
      "original": {
        "type": "git",
        "url": "file:///Users/pr0d1r2/projects/nix-lefthook-shellcheck"
      }
    },
    "nix-lefthook-shellcheck_9": {
      "inputs": {
        "nixpkgs": [
          "nix-lefthook-nixfmt",
          "nixpkgs"
        ]
      },
      "locked": {
        "lastModified": 1776404764,
        "narHash": "sha256-nJ65xRA1gemiz75MD0FfPrxFJHOQQUxygkrZat7q5Sg=",
        "ref": "refs/heads/main",
        "rev": "79ee6091484515f58385af056811728cf4d0b8e7",
        "revCount": 2,
        "type": "git",
        "url": "file:///Users/pr0d1r2/projects/nix-lefthook-shellcheck"
      },
      "original": {
        "type": "git",
        "url": "file:///Users/pr0d1r2/projects/nix-lefthook-shellcheck"
      }
    },
    "nix-lefthook-shfmt": {
      "inputs": {
        "nix-lefthook-shellcheck": "nix-lefthook-shellcheck_2",
        "nixpkgs": [
          "nix-lefthook-deadnix",
          "nix-lefthook-nixfmt",
          "nixpkgs"
        ]
      },
      "locked": {
        "lastModified": 1776405849,
        "narHash": "sha256-fEYAMhbj3lFpnEbCYt4evHxWN1AUAbEuYaAIZ2qKkaU=",
        "ref": "refs/heads/main",
        "rev": "f4c2ab767b5c1f4ab66c7eefb9b5a5672f3a536a",
        "revCount": 3,
        "type": "git",
        "url": "file:///Users/pr0d1r2/projects/nix-lefthook-shfmt"
      },
      "original": {
        "type": "git",
        "url": "file:///Users/pr0d1r2/projects/nix-lefthook-shfmt"
      }
    },
    "nix-lefthook-shfmt_2": {
      "inputs": {
        "nix-lefthook-shellcheck": "nix-lefthook-shellcheck_4",
        "nixpkgs": [
          "nix-lefthook-deadnix",
          "nixpkgs"
        ]
      },
      "locked": {
        "lastModified": 1776487653,
        "narHash": "sha256-RdJvRxgNLaCi1RmOH0fJsq8Tqc4f+084en6kQkhcuO8=",
        "ref": "refs/heads/main",
        "rev": "b3b7536439c441670bef39f0cf147d83864c848d",
        "revCount": 30,
        "type": "git",
        "url": "file:///Users/pr0d1r2/projects/nix-lefthook-shfmt"
      },
      "original": {
        "type": "git",
        "url": "file:///Users/pr0d1r2/projects/nix-lefthook-shfmt"
      }
    },
    "nix-lefthook-shfmt_3": {
      "inputs": {
        "nix-lefthook-shellcheck": "nix-lefthook-shellcheck_6",
        "nixpkgs": [
          "nix-lefthook-nix-no-embedded-shell",
          "nix-lefthook-nixfmt",
          "nixpkgs"
        ]
      },
      "locked": {
        "lastModified": 1776405849,
        "narHash": "sha256-fEYAMhbj3lFpnEbCYt4evHxWN1AUAbEuYaAIZ2qKkaU=",
        "ref": "refs/heads/main",
        "rev": "f4c2ab767b5c1f4ab66c7eefb9b5a5672f3a536a",
        "revCount": 3,
        "type": "git",
        "url": "file:///Users/pr0d1r2/projects/nix-lefthook-shfmt"
      },
      "original": {
        "type": "git",
        "url": "file:///Users/pr0d1r2/projects/nix-lefthook-shfmt"
      }
    },
    "nix-lefthook-shfmt_4": {
      "inputs": {
        "nix-lefthook-shellcheck": "nix-lefthook-shellcheck_8",
        "nixpkgs": [
          "nix-lefthook-nix-no-embedded-shell",
          "nixpkgs"
        ]
      },
      "locked": {
        "lastModified": 1776487653,
        "narHash": "sha256-RdJvRxgNLaCi1RmOH0fJsq8Tqc4f+084en6kQkhcuO8=",
        "ref": "refs/heads/main",
        "rev": "b3b7536439c441670bef39f0cf147d83864c848d",
        "revCount": 30,
        "type": "git",
        "url": "file:///Users/pr0d1r2/projects/nix-lefthook-shfmt"
      },
      "original": {
        "type": "git",
        "url": "file:///Users/pr0d1r2/projects/nix-lefthook-shfmt"
      }
    },
    "nix-lefthook-shfmt_5": {
      "inputs": {
        "nix-lefthook-shellcheck": "nix-lefthook-shellcheck_10",
        "nixpkgs": [
          "nix-lefthook-nixfmt",
          "nixpkgs"
        ]
      },
      "locked": {
        "lastModified": 1776405849,
        "narHash": "sha256-fEYAMhbj3lFpnEbCYt4evHxWN1AUAbEuYaAIZ2qKkaU=",
        "ref": "refs/heads/main",
        "rev": "f4c2ab767b5c1f4ab66c7eefb9b5a5672f3a536a",
        "revCount": 3,
        "type": "git",
        "url": "file:///Users/pr0d1r2/projects/nix-lefthook-shfmt"
      },
      "original": {
        "type": "git",
        "url": "file:///Users/pr0d1r2/projects/nix-lefthook-shfmt"
      }
    },
    "nix-lefthook-shfmt_6": {
      "inputs": {
        "nix-lefthook-shellcheck": "nix-lefthook-shellcheck_12",
        "nixpkgs": [
          "nixpkgs"
        ]
      },
      "locked": {
        "lastModified": 1776405849,
        "narHash": "sha256-fEYAMhbj3lFpnEbCYt4evHxWN1AUAbEuYaAIZ2qKkaU=",
        "ref": "refs/heads/main",
        "rev": "f4c2ab767b5c1f4ab66c7eefb9b5a5672f3a536a",
        "revCount": 3,
        "type": "git",
        "url": "file:///Users/pr0d1r2/projects/nix-lefthook-shfmt"
      },
      "original": {
        "type": "git",
        "url": "file:///Users/pr0d1r2/projects/nix-lefthook-shfmt"
      }
    },
    "nix-lefthook-shfmt_7": {
      "inputs": {
        "nix-lefthook-shellcheck": "nix-lefthook-shellcheck_14",
        "nixpkgs": [
          "nix-lefthook-statix",
          "nix-lefthook-nixfmt",
          "nixpkgs"
        ]
      },
      "locked": {
        "lastModified": 1776405849,
        "narHash": "sha256-fEYAMhbj3lFpnEbCYt4evHxWN1AUAbEuYaAIZ2qKkaU=",
        "ref": "refs/heads/main",
        "rev": "f4c2ab767b5c1f4ab66c7eefb9b5a5672f3a536a",
        "revCount": 3,
        "type": "git",
        "url": "file:///Users/pr0d1r2/projects/nix-lefthook-shfmt"
      },
      "original": {
        "type": "git",
        "url": "file:///Users/pr0d1r2/projects/nix-lefthook-shfmt"
      }
    },
    "nix-lefthook-shfmt_8": {
      "inputs": {
        "nix-lefthook-shellcheck": "nix-lefthook-shellcheck_16",
        "nixpkgs": [
          "nix-lefthook-statix",
          "nixpkgs"
        ]
      },
      "locked": {
        "lastModified": 1776486381,
        "narHash": "sha256-1WJahoM4h/Xdi9d7iKtXoZZvohdCCM5YA2WmbCGb8/c=",
        "ref": "refs/heads/main",
        "rev": "8160d003eec0adbb717976b771364fc829322a41",
        "revCount": 27,
        "type": "git",
        "url": "file:///Users/pr0d1r2/projects/nix-lefthook-shfmt"
      },
      "original": {
        "type": "git",
        "url": "file:///Users/pr0d1r2/projects/nix-lefthook-shfmt"
      }
    },
    "nix-lefthook-statix": {
      "inputs": {
        "nix-lefthook-nixfmt": "nix-lefthook-nixfmt_4",
        "nix-lefthook-shellcheck": "nix-lefthook-shellcheck_15",
        "nix-lefthook-shfmt": "nix-lefthook-shfmt_8",
        "nixpkgs": [
          "nixpkgs"
        ]
      },
      "locked": {
        "lastModified": 1776487654,
        "narHash": "sha256-/EXqCmn5UAF5ccQMK+CqoZDgFWs3o6fPzkBj12Vexfs=",
        "ref": "refs/heads/main",
        "rev": "735a9baab5c694d6af58d00bf90787fa443188a2",
        "revCount": 27,
        "type": "git",
        "url": "file:///Users/pr0d1r2/projects/nix-lefthook-statix"
      },
      "original": {
        "type": "git",
        "url": "file:///Users/pr0d1r2/projects/nix-lefthook-statix"
      }
    },
    "nixpkgs": {
      "locked": {
        "lastModified": 1776221942,
        "narHash": "sha256-FbQAeVNi7G4v3QCSThrSAAvzQTmrmyDLiHNPvTF2qFM=",
        "owner": "NixOS",
        "repo": "nixpkgs",
        "rev": "1766437c5509f444c1b15331e82b8b6a9b967000",
        "type": "github"
      },
      "original": {
        "owner": "NixOS",
        "ref": "nixos-25.11",
        "repo": "nixpkgs",
        "type": "github"
      }
    },
    "root": {
      "inputs": {
        "nix-lefthook-deadnix": "nix-lefthook-deadnix",
        "nix-lefthook-nix-no-embedded-shell": "nix-lefthook-nix-no-embedded-shell",
        "nix-lefthook-nixfmt": "nix-lefthook-nixfmt_3",
        "nix-lefthook-shellcheck": "nix-lefthook-shellcheck_11",
        "nix-lefthook-shfmt": "nix-lefthook-shfmt_6",
        "nix-lefthook-statix": "nix-lefthook-statix",
        "nixpkgs": "nixpkgs"
      }
    }
  },
  "root": "root",
  "version": 7
}
