{
  "nodes": {
    "cavekit-src": {
      "flake": false,
      "locked": {
        "lastModified": 1776687932,
        "narHash": "sha256-GOyHS+iYfOo79gm7rpFgL0mTf07+FjUa8T93MsRBMCk=",
        "owner": "JuliusBrussee",
        "repo": "cavekit",
        "rev": "028643f913996cfe1c59f261627d167d4ab5477f",
        "type": "github"
      },
      "original": {
        "owner": "JuliusBrussee",
        "repo": "cavekit",
        "type": "github"
      }
    },
    "nix-cavekit": {
      "inputs": {
        "cavekit-src": "cavekit-src",
        "nix-lefthook-git-conflict-markers": "nix-lefthook-git-conflict-markers",
        "nix-lefthook-git-no-local-paths": "nix-lefthook-git-no-local-paths",
        "nix-lefthook-missing-final-newline": "nix-lefthook-missing-final-newline",
        "nix-lefthook-nix-no-embedded-shell": "nix-lefthook-nix-no-embedded-shell",
        "nix-lefthook-statix": "nix-lefthook-statix",
        "nix-lefthook-trailing-whitespace": "nix-lefthook-trailing-whitespace",
        "nixpkgs": [
          "nix-dev-shell-agentic",
          "nixpkgs"
        ]
      },
      "locked": {
        "lastModified": 1777351987,
        "narHash": "sha256-2iV3tuxF1V2xvq/wJn/8POxEi0J8uXdkxZdA5h77lTk=",
        "owner": "pr0d1r2",
        "repo": "nix-cavekit",
        "rev": "5c189b3529acd2ad04b25460452b57d619f0ad42",
        "type": "github"
      },
      "original": {
        "owner": "pr0d1r2",
        "repo": "nix-cavekit",
        "type": "github"
      }
    },
    "nix-cavemem": {
      "inputs": {
        "nix-lefthook-git-conflict-markers": "nix-lefthook-git-conflict-markers_2",
        "nix-lefthook-git-no-local-paths": "nix-lefthook-git-no-local-paths_2",
        "nix-lefthook-missing-final-newline": "nix-lefthook-missing-final-newline_2",
        "nix-lefthook-nix-no-embedded-shell": "nix-lefthook-nix-no-embedded-shell_2",
        "nix-lefthook-statix": "nix-lefthook-statix_2",
        "nix-lefthook-trailing-whitespace": "nix-lefthook-trailing-whitespace_2",
        "nixpkgs": [
          "nix-dev-shell-agentic",
          "nixpkgs"
        ]
      },
      "locked": {
        "lastModified": 1777350350,
        "narHash": "sha256-/xZuxaINRWlCgvHXNdMxNEI2GwjnzTNg6kfuKF1PpkE=",
        "owner": "pr0d1r2",
        "repo": "nix-cavemem",
        "rev": "76d9c0e3b6e347e8e42bc8b7fbc33073097c2fdd",
        "type": "github"
      },
      "original": {
        "owner": "pr0d1r2",
        "repo": "nix-cavemem",
        "type": "github"
      }
    },
    "nix-dev-shell-agentic": {
      "inputs": {
        "nix-cavekit": "nix-cavekit",
        "nix-cavemem": "nix-cavemem",
        "nix-lefthook-git-conflict-markers-src": "nix-lefthook-git-conflict-markers-src",
        "nix-lefthook-git-no-local-paths-src": "nix-lefthook-git-no-local-paths-src",
        "nix-lefthook-markdownlint-src": "nix-lefthook-markdownlint-src",
        "nix-lefthook-missing-final-newline-src": "nix-lefthook-missing-final-newline-src",
        "nix-lefthook-nix-no-embedded-shell-src": "nix-lefthook-nix-no-embedded-shell-src",
        "nix-lefthook-statix-src": "nix-lefthook-statix-src",
        "nix-lefthook-trailing-whitespace-src": "nix-lefthook-trailing-whitespace-src",
        "nixpkgs": [
          "nixpkgs"
        ],
        "rtk-src": "rtk-src"
      },
      "locked": {
        "lastModified": 1777709595,
        "narHash": "sha256-wUIcGzJPmXMQsLzgMQh9E7wRzFAcNZJJybsFYqm0+hU=",
        "owner": "pr0d1r2",
        "repo": "nix-dev-shell-agentic",
        "rev": "821d45c386fd3325689d091f6b23694bc7117ead",
        "type": "github"
      },
      "original": {
        "owner": "pr0d1r2",
        "repo": "nix-dev-shell-agentic",
        "type": "github"
      }
    },
    "nix-lefthook-git-conflict-markers": {
      "inputs": {
        "nixpkgs": [
          "nix-dev-shell-agentic",
          "nix-cavekit",
          "nixpkgs"
        ]
      },
      "locked": {
        "lastModified": 1776659530,
        "narHash": "sha256-WF65qgn30N6GwcNZkwplOaLSSeZ5a27JLq9m0QaoPLo=",
        "owner": "pr0d1r2",
        "repo": "nix-lefthook-git-conflict-markers",
        "rev": "1d63789aef99563a7fff7ac4ddb053ff83d0608a",
        "type": "github"
      },
      "original": {
        "owner": "pr0d1r2",
        "repo": "nix-lefthook-git-conflict-markers",
        "type": "github"
      }
    },
    "nix-lefthook-git-conflict-markers-src": {
      "flake": false,
      "locked": {
        "lastModified": 1776659530,
        "narHash": "sha256-WF65qgn30N6GwcNZkwplOaLSSeZ5a27JLq9m0QaoPLo=",
        "owner": "pr0d1r2",
        "repo": "nix-lefthook-git-conflict-markers",
        "rev": "1d63789aef99563a7fff7ac4ddb053ff83d0608a",
        "type": "github"
      },
      "original": {
        "owner": "pr0d1r2",
        "repo": "nix-lefthook-git-conflict-markers",
        "type": "github"
      }
    },
    "nix-lefthook-git-conflict-markers_2": {
      "inputs": {
        "nixpkgs": [
          "nix-dev-shell-agentic",
          "nix-cavemem",
          "nixpkgs"
        ]
      },
      "locked": {
        "lastModified": 1776659530,
        "narHash": "sha256-WF65qgn30N6GwcNZkwplOaLSSeZ5a27JLq9m0QaoPLo=",
        "owner": "pr0d1r2",
        "repo": "nix-lefthook-git-conflict-markers",
        "rev": "1d63789aef99563a7fff7ac4ddb053ff83d0608a",
        "type": "github"
      },
      "original": {
        "owner": "pr0d1r2",
        "repo": "nix-lefthook-git-conflict-markers",
        "type": "github"
      }
    },
    "nix-lefthook-git-no-local-paths": {
      "inputs": {
        "nixpkgs": [
          "nix-dev-shell-agentic",
          "nix-cavekit",
          "nixpkgs"
        ]
      },
      "locked": {
        "lastModified": 1776660552,
        "narHash": "sha256-pfAOffUQ31LaEdLSDwdOVnYbOpRjbO5/gUzy+SpiLww=",
        "owner": "pr0d1r2",
        "repo": "nix-lefthook-git-no-local-paths",
        "rev": "8d3532aef6f046af7644c4c747693d859ba4f8ba",
        "type": "github"
      },
      "original": {
        "owner": "pr0d1r2",
        "repo": "nix-lefthook-git-no-local-paths",
        "type": "github"
      }
    },
    "nix-lefthook-git-no-local-paths-src": {
      "flake": false,
      "locked": {
        "lastModified": 1776660552,
        "narHash": "sha256-pfAOffUQ31LaEdLSDwdOVnYbOpRjbO5/gUzy+SpiLww=",
        "owner": "pr0d1r2",
        "repo": "nix-lefthook-git-no-local-paths",
        "rev": "8d3532aef6f046af7644c4c747693d859ba4f8ba",
        "type": "github"
      },
      "original": {
        "owner": "pr0d1r2",
        "repo": "nix-lefthook-git-no-local-paths",
        "type": "github"
      }
    },
    "nix-lefthook-git-no-local-paths_2": {
      "inputs": {
        "nixpkgs": [
          "nix-dev-shell-agentic",
          "nix-cavemem",
          "nixpkgs"
        ]
      },
      "locked": {
        "lastModified": 1776660552,
        "narHash": "sha256-pfAOffUQ31LaEdLSDwdOVnYbOpRjbO5/gUzy+SpiLww=",
        "owner": "pr0d1r2",
        "repo": "nix-lefthook-git-no-local-paths",
        "rev": "8d3532aef6f046af7644c4c747693d859ba4f8ba",
        "type": "github"
      },
      "original": {
        "owner": "pr0d1r2",
        "repo": "nix-lefthook-git-no-local-paths",
        "type": "github"
      }
    },
    "nix-lefthook-markdownlint-src": {
      "flake": false,
      "locked": {
        "lastModified": 1776661920,
        "narHash": "sha256-ZJKfe1ElijGNwkXyHgRQXJ0jyeVgORj75/P58Qhq8Gw=",
        "owner": "pr0d1r2",
        "repo": "nix-lefthook-markdownlint",
        "rev": "a99e2a30f6f76cfcf79d032c47911df55af8c905",
        "type": "github"
      },
      "original": {
        "owner": "pr0d1r2",
        "repo": "nix-lefthook-markdownlint",
        "type": "github"
      }
    },
    "nix-lefthook-missing-final-newline": {
      "inputs": {
        "nixpkgs": [
          "nix-dev-shell-agentic",
          "nix-cavekit",
          "nixpkgs"
        ]
      },
      "locked": {
        "lastModified": 1776660214,
        "narHash": "sha256-8c9+8Y96Kfwax0gkV2q8nMC78f5SBtMeLThuYfoXbDw=",
        "owner": "pr0d1r2",
        "repo": "nix-lefthook-missing-final-newline",
        "rev": "4c054bb2d3ec762c02d113e89e40500e514d769b",
        "type": "github"
      },
      "original": {
        "owner": "pr0d1r2",
        "repo": "nix-lefthook-missing-final-newline",
        "type": "github"
      }
    },
    "nix-lefthook-missing-final-newline-src": {
      "flake": false,
      "locked": {
        "lastModified": 1776660214,
        "narHash": "sha256-8c9+8Y96Kfwax0gkV2q8nMC78f5SBtMeLThuYfoXbDw=",
        "owner": "pr0d1r2",
        "repo": "nix-lefthook-missing-final-newline",
        "rev": "4c054bb2d3ec762c02d113e89e40500e514d769b",
        "type": "github"
      },
      "original": {
        "owner": "pr0d1r2",
        "repo": "nix-lefthook-missing-final-newline",
        "type": "github"
      }
    },
    "nix-lefthook-missing-final-newline_2": {
      "inputs": {
        "nixpkgs": [
          "nix-dev-shell-agentic",
          "nix-cavemem",
          "nixpkgs"
        ]
      },
      "locked": {
        "lastModified": 1776660214,
        "narHash": "sha256-8c9+8Y96Kfwax0gkV2q8nMC78f5SBtMeLThuYfoXbDw=",
        "owner": "pr0d1r2",
        "repo": "nix-lefthook-missing-final-newline",
        "rev": "4c054bb2d3ec762c02d113e89e40500e514d769b",
        "type": "github"
      },
      "original": {
        "owner": "pr0d1r2",
        "repo": "nix-lefthook-missing-final-newline",
        "type": "github"
      }
    },
    "nix-lefthook-nix-no-embedded-shell": {
      "inputs": {
        "nixpkgs": [
          "nix-dev-shell-agentic",
          "nix-cavekit",
          "nixpkgs"
        ]
      },
      "locked": {
        "lastModified": 1776659873,
        "narHash": "sha256-xx2QbAcvsAaet7GMeL/p+cdjAV6KQUCcjpdJBBuxR+Q=",
        "owner": "pr0d1r2",
        "repo": "nix-lefthook-nix-no-embedded-shell",
        "rev": "230f1bb7684167eb4130f8808f869e138212d20d",
        "type": "github"
      },
      "original": {
        "owner": "pr0d1r2",
        "repo": "nix-lefthook-nix-no-embedded-shell",
        "type": "github"
      }
    },
    "nix-lefthook-nix-no-embedded-shell-src": {
      "flake": false,
      "locked": {
        "lastModified": 1776659873,
        "narHash": "sha256-xx2QbAcvsAaet7GMeL/p+cdjAV6KQUCcjpdJBBuxR+Q=",
        "owner": "pr0d1r2",
        "repo": "nix-lefthook-nix-no-embedded-shell",
        "rev": "230f1bb7684167eb4130f8808f869e138212d20d",
        "type": "github"
      },
      "original": {
        "owner": "pr0d1r2",
        "repo": "nix-lefthook-nix-no-embedded-shell",
        "type": "github"
      }
    },
    "nix-lefthook-nix-no-embedded-shell_2": {
      "inputs": {
        "nixpkgs": [
          "nix-dev-shell-agentic",
          "nix-cavemem",
          "nixpkgs"
        ]
      },
      "locked": {
        "lastModified": 1776659873,
        "narHash": "sha256-xx2QbAcvsAaet7GMeL/p+cdjAV6KQUCcjpdJBBuxR+Q=",
        "owner": "pr0d1r2",
        "repo": "nix-lefthook-nix-no-embedded-shell",
        "rev": "230f1bb7684167eb4130f8808f869e138212d20d",
        "type": "github"
      },
      "original": {
        "owner": "pr0d1r2",
        "repo": "nix-lefthook-nix-no-embedded-shell",
        "type": "github"
      }
    },
    "nix-lefthook-statix": {
      "inputs": {
        "nix-lefthook-git-conflict-markers": [
          "nix-dev-shell-agentic",
          "nix-cavekit",
          "nix-lefthook-git-conflict-markers"
        ],
        "nix-lefthook-git-no-local-paths": [
          "nix-dev-shell-agentic",
          "nix-cavekit",
          "nix-lefthook-git-no-local-paths"
        ],
        "nix-lefthook-missing-final-newline": [
          "nix-dev-shell-agentic",
          "nix-cavekit",
          "nix-lefthook-missing-final-newline"
        ],
        "nix-lefthook-trailing-whitespace": [
          "nix-dev-shell-agentic",
          "nix-cavekit",
          "nix-lefthook-trailing-whitespace"
        ],
        "nixpkgs": [
          "nix-dev-shell-agentic",
          "nix-cavekit",
          "nixpkgs"
        ]
      },
      "locked": {
        "lastModified": 1777100711,
        "narHash": "sha256-O9XdohGD3XUFEcLQ5RGNGGpwbBFB0eUIO3DKWQLwZXc=",
        "owner": "pr0d1r2",
        "repo": "nix-lefthook-statix",
        "rev": "d386dd9cb7ed712dda694c0381c311c9a257fa44",
        "type": "github"
      },
      "original": {
        "owner": "pr0d1r2",
        "repo": "nix-lefthook-statix",
        "type": "github"
      }
    },
    "nix-lefthook-statix-src": {
      "flake": false,
      "locked": {
        "lastModified": 1777100711,
        "narHash": "sha256-O9XdohGD3XUFEcLQ5RGNGGpwbBFB0eUIO3DKWQLwZXc=",
        "owner": "pr0d1r2",
        "repo": "nix-lefthook-statix",
        "rev": "d386dd9cb7ed712dda694c0381c311c9a257fa44",
        "type": "github"
      },
      "original": {
        "owner": "pr0d1r2",
        "repo": "nix-lefthook-statix",
        "type": "github"
      }
    },
    "nix-lefthook-statix_2": {
      "inputs": {
        "nix-lefthook-git-conflict-markers": [
          "nix-dev-shell-agentic",
          "nix-cavemem",
          "nix-lefthook-git-conflict-markers"
        ],
        "nix-lefthook-git-no-local-paths": [
          "nix-dev-shell-agentic",
          "nix-cavemem",
          "nix-lefthook-git-no-local-paths"
        ],
        "nix-lefthook-missing-final-newline": [
          "nix-dev-shell-agentic",
          "nix-cavemem",
          "nix-lefthook-missing-final-newline"
        ],
        "nix-lefthook-trailing-whitespace": [
          "nix-dev-shell-agentic",
          "nix-cavemem",
          "nix-lefthook-trailing-whitespace"
        ],
        "nixpkgs": [
          "nix-dev-shell-agentic",
          "nix-cavemem",
          "nixpkgs"
        ]
      },
      "locked": {
        "lastModified": 1777100711,
        "narHash": "sha256-O9XdohGD3XUFEcLQ5RGNGGpwbBFB0eUIO3DKWQLwZXc=",
        "owner": "pr0d1r2",
        "repo": "nix-lefthook-statix",
        "rev": "d386dd9cb7ed712dda694c0381c311c9a257fa44",
        "type": "github"
      },
      "original": {
        "owner": "pr0d1r2",
        "repo": "nix-lefthook-statix",
        "type": "github"
      }
    },
    "nix-lefthook-trailing-whitespace": {
      "inputs": {
        "nixpkgs": [
          "nix-dev-shell-agentic",
          "nix-cavekit",
          "nixpkgs"
        ]
      },
      "locked": {
        "lastModified": 1776660152,
        "narHash": "sha256-GIgTuji9M/VyRWkp6m4KzDF1c0L5a53rCq/x24WUvfY=",
        "owner": "pr0d1r2",
        "repo": "nix-lefthook-trailing-whitespace",
        "rev": "a42b9663fc3604efc4e113f8caf0f2ae2064f22a",
        "type": "github"
      },
      "original": {
        "owner": "pr0d1r2",
        "repo": "nix-lefthook-trailing-whitespace",
        "type": "github"
      }
    },
    "nix-lefthook-trailing-whitespace-src": {
      "flake": false,
      "locked": {
        "lastModified": 1776660152,
        "narHash": "sha256-GIgTuji9M/VyRWkp6m4KzDF1c0L5a53rCq/x24WUvfY=",
        "owner": "pr0d1r2",
        "repo": "nix-lefthook-trailing-whitespace",
        "rev": "a42b9663fc3604efc4e113f8caf0f2ae2064f22a",
        "type": "github"
      },
      "original": {
        "owner": "pr0d1r2",
        "repo": "nix-lefthook-trailing-whitespace",
        "type": "github"
      }
    },
    "nix-lefthook-trailing-whitespace_2": {
      "inputs": {
        "nixpkgs": [
          "nix-dev-shell-agentic",
          "nix-cavemem",
          "nixpkgs"
        ]
      },
      "locked": {
        "lastModified": 1776660152,
        "narHash": "sha256-GIgTuji9M/VyRWkp6m4KzDF1c0L5a53rCq/x24WUvfY=",
        "owner": "pr0d1r2",
        "repo": "nix-lefthook-trailing-whitespace",
        "rev": "a42b9663fc3604efc4e113f8caf0f2ae2064f22a",
        "type": "github"
      },
      "original": {
        "owner": "pr0d1r2",
        "repo": "nix-lefthook-trailing-whitespace",
        "type": "github"
      }
    },
    "nixpkgs": {
      "locked": {
        "lastModified": 1777428379,
        "narHash": "sha256-ypxFOeDz+CqADEQNL72haqGjvZQdBR5Vc7pyx2JDttI=",
        "owner": "NixOS",
        "repo": "nixpkgs",
        "rev": "755f5aa91337890c432639c60b6064bb7fe67769",
        "type": "github"
      },
      "original": {
        "owner": "NixOS",
        "ref": "nixos-25.11",
        "repo": "nixpkgs",
        "type": "github"
      }
    },
    "root": {
      "inputs": {
        "nix-dev-shell-agentic": "nix-dev-shell-agentic",
        "nixpkgs": "nixpkgs"
      }
    },
    "rtk-src": {
      "flake": false,
      "locked": {
        "lastModified": 1777488499,
        "narHash": "sha256-eINYlatbjpsqe46LNZIXvIrZEBf+QC3+2EjY7Ei7VZI=",
        "owner": "rtk-ai",
        "repo": "rtk",
        "rev": "4338f029ec43b69eb959748ec02cd7885200c264",
        "type": "github"
      },
      "original": {
        "owner": "rtk-ai",
        "ref": "v0.38.0",
        "repo": "rtk",
        "type": "github"
      }
    }
  },
  "root": "root",
  "version": 7
}
